{
  "name": "dojoia",
  "version": "1.0.0",
  "lockfileVersion": 3,
  "requires": true,
  "packages": {
    "node_modules/@auth/supabase-adapter": {
      "version": "1.8.0",
      "resolved": "https://registry.npmjs.org/@auth/supabase-adapter/-/supabase-adapter-1.8.0.tgz",
      "integrity": "sha512-xxxxx"
    },
    "node_modules/@supabase/auth-helpers-nextjs": {
      "version": "0.10.0",
      "resolved": "https://registry.npmjs.org/@supabase/auth-helpers-nextjs/-/auth-helpers-nextjs-0.10.0.tgz",
      "dependencies": {
        "@supabase/auth-helpers": "^0.9.0",
        "@supabase/auth-ui-react": "^0.4.0",
        "@supabase/supabase-js": "^2.45.0"
      }
    },
    "node_modules/@supabase/auth-helpers": {
      "version": "0.9.0",
      "resolved": "https://registry.npmjs.org/@supabase/auth-helpers/-/auth-helpers-0.9.0.tgz",
      "dependencies": {
        "@supabase/supabase-js": "^2.45.0"
      }
    },
    "node_modules/@supabase/auth-ui-react": {
      "version": "0.4.0",
      "resolved": "https://registry.npmjs.org/@supabase/auth-ui-react/-/auth-ui-react-0.4.0.tgz"
    },
    "node_modules/@supabase/supabase-js": {
      "version": "2.45.4",
      "resolved": "https://registry.npmjs.org/@supabase/supabase-js/-/supabase-js-2.45.4.tgz",
      "dependencies": {
        "@supabase/fetch-http": "^0.2.0",
        "@supabase/postgrest-js": "^1.0.1",
        "@supabase/realtime-js": "^2.11.2",
        "@supabase/storage-js": "^2.0.1"
      }
    },
    "node_modules/class-variance-authority": {
      "version": "0.7.0",
      "resolved": "https://registry.npmjs.org/class-variance-authority/-/class-variance-authority-0.7.0.tgz",
      "dependencies": {
        "clsx": "^2.0.0"
      }
    },
    "node_modules/clsx": {
      "version": "2.1.1",
      "resolved": "https://registry.npmjs.org/clsx/-/clsx-2.1.1.tgz",
      "integrity": "sha512-Em0bRy8FlGhlxjgv9Q6DjURHedvYuz22m/WMrmwp9m64546Jmj9QxNsepugqqfHxE03j95Kttlr073/R7WxlqQ=="
    },
    "node_modules/date-fns": {
      "version": "4.1.0",
      "resolved": "https://registry.npmjs.org/date-fns/-/date-fns-4.1.0.tgz",
      "dependencies": {
        "tslib": "^2.3.0"
      }
    },
    "node_modules/framer-motion": {
      "version": "11.11.9",
      "resolved": "https://registry.npmjs.org/framer-motion/-/framer-motion-11.11.9.tgz",
      "dependencies": {
        "motion-dom": "^11.11.9",
        "motion-utils": "^11.11.9"
      }
    },
    "node_modules/lucide-react": {
      "version": "0.454.0",
      "resolved": "https://registry.npmjs.org/lucide-react/-/lucide-react-0.454.0.tgz",
      "dependencies": {
        "lucide": "^0.454.0"
      }
    },
    "node_modules/next": {
      "version": "14.2.5",
      "resolved": "https://registry.npmjs.org/next/-/next-14.2.5.tgz",
      "dependencies": {
        "@next/env": "^14.2.5",
        "@swc/helpers": "^0.5.14",
        "babel": "^7.24.0",
        "ci-info": "^4.0.0",
        "postcss": "8.4.40",
        "react": "^18.2.0",
        "react-dom": "^18.2.0",
        "tailwindcss": "3.4.10"
      },
      "bin": {
        "next": "dist/bin/next"
      },
      "engines": {
        "node": ">=18.17.0"
      }
    },
    "node_modules/next-auth": {
      "version": "4.24.7",
      "resolved": "https://registry.npmjs.org/next-auth/-/next-auth-4.24.7.tgz",
      "dependencies": {
        "@auth/core": "^1.6.0",
        "jose": "^5.6.0",
        "oauth4webapi": "^1.0.0"
      },
      "peerDependencies": {
        "next": ">= 13.4.0",
        "react": "^18.0.0 || ^19.0.0 || ^20.0.0",
        "react-dom": "^18.0.0 || ^19.0.0 || ^20.0.0"
      }
    },
    "node_modules/openai": {
      "version": "4.55.0",
      "resolved": "https://registry.npmjs.org/openai/-/openai-4.55.0.tgz",
      "dependencies": {
        "tslib": "^2.4.0"
      }
    },
    "node_modules/react": "^18.3.1",
    "node_modules/react-dom": "^18.3.1",
    "node_modules/react-dropzone": {
      "version": "14.2.3",
      "resolved": "https://registry.npmjs.org/react-dropzone/-/react-dropzone-14.2.3.tgz",
      "dependencies": {
        "css-box-model": "^1.1.0",
        "prop-types": "^3.7.2",
        "stable": "^0.1.8"
      },
      "peerDependencies": {
        "react": "^16.8.0 || ^17.0.0 || ^18.0.0 || ^19.0.0",
        "react-dom": "^16.8.0 || ^17.0.0 || ^18.0.0 || ^19.0.0"
      }
    },
    "node_modules/recharts": {
      "version": "2.15.0",
      "resolved": "https://registry.npmjs.org/recharts/-/recharts-2.15.0.tgz",
      "dependencies": {
        "clsx": "^2.0.0",
        "react-is": "^18.0.0"
      },
      "peerDependencies": {
        "react": "^16.8.0 || ^17.0.0 || ^18.0.0 || ^19.0.0",
        "react-dom": "^16.8.0 || ^17.0.0 || ^18.0.0 || ^19.0.0"
      }
    },
    "node_modules/stripe": {
      "version": "16.3.0",
      "resolved": "https://registry.npmjs.org/stripe/-/stripe-16.3.0.tgz",
      "dependencies": {
        "fast-xml-parser": "^4.2.5",
        "retry": "^0.13.1"
      }
    },
    "node_modules/tailwind-merge": {
      "version": "2.5.4",
      "resolved": "https://registry.npmjs.org/tailwind-merge/-/tailwind-merge-2.5.4.tgz",
      "dependencies": {
        "tailwindcss": "^3.0.0"
      }
    },
    "node_modules/zustand": {
      "version": "5.0.2",
      "resolved": "https://registry.npmjs.org/zustand/-/zustand-5.0.2.tgz",
      "dependencies": {
        "tslib": "^2.5.0"
      }
    }
  }
}
